
Microsoft Visual Studio Solution File, Format Version 11.00
# Visual Basic Express 2010
Project("{F184B08F-C81C-45F6-A57F-5ABD9991F28F}") = "c2d2", "c2d2\c2d2.vbproj", "{051B1D3C-FE60-4763-AC98-7D5962AACAC4}"
EndProject
Global
	GlobalSection(SolutionConfigurationPlatforms) = preSolution
		Debug|x86 = Debug|x86
		Release|x86 = Release|x86
	EndGlobalSection
	GlobalSection(ProjectConfigurationPlatforms) = postSolution
		{051B1D3C-FE60-4763-AC98-7D5962AACAC4}.Debug|x86.ActiveCfg = Debug|x86
		{051B1D3C-FE60-4763-AC98-7D5962AACAC4}.Debug|x86.Build.0 = Debug|x86
		{051B1D3C-FE60-4763-AC98-7D5962AACAC4}.Release|x86.ActiveCfg = Release|x86
		{051B1D3C-FE60-4763-AC98-7D5962AACAC4}.Release|x86.Build.0 = Release|x86
	EndGlobalSection
	GlobalSection(SolutionProperties) = preSolution
		HideSolutionNode = FALSE
	EndGlobalSection
EndGlobal
